# This file is automatically @generated by Cargo.
# It is not intended for manual editing.
[[package]]
name = "arithfunc"
version = "0.1.0"
dependencies = [
 "factor 0.1.0",
 "rust-gmp 0.5.0 (registry+https://github.com/rust-lang/crates.io-index)",
]

[[package]]
name = "factor"
version = "0.1.0"
dependencies = [
 "primes 0.1.0",
 "rust-gmp 0.5.0 (registry+https://github.com/rust-lang/crates.io-index)",
]

[[package]]
name = "libc"
version = "0.2.55"
source = "registry+https://github.com/rust-lang/crates.io-index"

[[package]]
name = "main"
version = "0.1.0"
dependencies = [
 "arithfunc 0.1.0",
 "factor 0.1.0",
 "modular 0.1.0",
 "primes 0.1.0",
 "rust-gmp 0.5.0 (registry+https://github.com/rust-lang/crates.io-index)",
]

[[package]]
name = "modular"
version = "0.1.0"
dependencies = [
 "arithfunc 0.1.0",
 "factor 0.1.0",
 "rust-gmp 0.5.0 (registry+https://github.com/rust-lang/crates.io-index)",
]

[[package]]
name = "num-traits"
version = "0.1.43"
source = "registry+https://github.com/rust-lang/crates.io-index"
dependencies = [
 "num-traits 0.2.6 (registry+https://github.com/rust-lang/crates.io-index)",
]

[[package]]
name = "num-traits"
version = "0.2.6"
source = "registry+https://github.com/rust-lang/crates.io-index"

[[package]]
name = "primes"
version = "0.1.0"
dependencies = [
 "rust-gmp 0.5.0 (registry+https://github.com/rust-lang/crates.io-index)",
]

[[package]]
name = "rust-gmp"
version = "0.5.0"
source = "registry+https://github.com/rust-lang/crates.io-index"
dependencies = [
 "libc 0.2.55 (registry+https://github.com/rust-lang/crates.io-index)",
 "num-traits 0.1.43 (registry+https://github.com/rust-lang/crates.io-index)",
]

[metadata]
"checksum libc 0.2.55 (registry+https://github.com/rust-lang/crates.io-index)" = "42914d39aad277d9e176efbdad68acb1d5443ab65afe0e0e4f0d49352a950880"
"checksum num-traits 0.1.43 (registry+https://github.com/rust-lang/crates.io-index)" = "92e5113e9fd4cc14ded8e499429f396a20f98c772a47cc8622a736e1ec843c31"
"checksum num-traits 0.2.6 (registry+https://github.com/rust-lang/crates.io-index)" = "0b3a5d7cc97d6d30d8b9bc8fa19bf45349ffe46241e8816f50f62f6d6aaabee1"
"checksum rust-gmp 0.5.0 (registry+https://github.com/rust-lang/crates.io-index)" = "c3ddf28998d5730b96a9fe188557953de503d77ff403ae175ad1417921e5d906"
